
Microsoft Visual Studio Solution File, Format Version 12.00
# Visual Studio Version 17
VisualStudioVersion = 17.11.35327.3
MinimumVisualStudioVersion = 10.0.40219.1
Project("{FAE04EC0-301F-11D3-BF4B-00C04F79EFBC}") = "Konyvtar", "Konyvtar\Konyvtar.csproj", "{E9319582-4F38-446C-B1FE-A8B9A53756B9}"
EndProject
Global
	GlobalSection(SolutionConfigurationPlatforms) = preSolution
		Debug|Any CPU = Debug|Any CPU
		Release|Any CPU = Release|Any CPU
	EndGlobalSection
	GlobalSection(ProjectConfigurationPlatforms) = postSolution
		{E9319582-4F38-446C-B1FE-A8B9A53756B9}.Debug|Any CPU.ActiveCfg = Debug|Any CPU
		{E9319582-4F38-446C-B1FE-A8B9A53756B9}.Debug|Any CPU.Build.0 = Debug|Any CPU
		{E9319582-4F38-446C-B1FE-A8B9A53756B9}.Release|Any CPU.ActiveCfg = Release|Any CPU
		{E9319582-4F38-446C-B1FE-A8B9A53756B9}.Release|Any CPU.Build.0 = Release|Any CPU
	EndGlobalSection
	GlobalSection(SolutionProperties) = preSolution
		HideSolutionNode = FALSE
	EndGlobalSection
	GlobalSection(ExtensibilityGlobals) = postSolution
		SolutionGuid = {5A4CBD4B-EEDB-4CA2-A498-755367D4DFD9}
	EndGlobalSection
EndGlobal
